// !$*UTF8*$!
{
	archiveVersion = 1;
	classes = {
	};
	objectVersion = 50;
	objects = {

/* Begin PBXBuildFile section */
		9A1CB32021F8745B0027B183 /* AppDelegate.swift in Sources */ = {isa = PBXBuildFile; fileRef = 9A1CB31F21F8745B0027B183 /* AppDelegate.swift */; };
		9A1CB32721F8745B0027B183 /* Assets.xcassets in Resources */ = {isa = PBXBuildFile; fileRef = 9A1CB32621F8745B0027B183 /* Assets.xcassets */; };
		9A1CB32A21F8745B0027B183 /* LaunchScreen.storyboard in Resources */ = {isa = PBXBuildFile; fileRef = 9A1CB32821F8745B0027B183 /* LaunchScreen.storyboard */; };
		9A1CB33421F875C90027B183 /* UnwindSegue.storyboard in Resources */ = {isa = PBXBuildFile; fileRef = 9A1CB33321F875C90027B183 /* UnwindSegue.storyboard */; };
		9A1CB33721F877C80027B183 /* FirstScreen.swift in Sources */ = {isa = PBXBuildFile; fileRef = 9A1CB33621F877C80027B183 /* FirstScreen.swift */; };
		9A1CB33921F877D50027B183 /* SecondScreen.swift in Sources */ = {isa = PBXBuildFile; fileRef = 9A1CB33821F877D50027B183 /* SecondScreen.swift */; };
		9A1CB33B21F877DE0027B183 /* ThirdScreen.swift in Sources */ = {isa = PBXBuildFile; fileRef = 9A1CB33A21F877DE0027B183 /* ThirdScreen.swift */; };
		9A1CB33E21F87AA10027B183 /* PushPop.storyboard in Resources */ = {isa = PBXBuildFile; fileRef = 9A1CB33D21F87AA10027B183 /* PushPop.storyboard */; };
		9A1CB34021F87B7F0027B183 /* ScreenA.swift in Sources */ = {isa = PBXBuildFile; fileRef = 9A1CB33F21F87B7F0027B183 /* ScreenA.swift */; };
		9A1CB34221F87B8A0027B183 /* ScreenB.swift in Sources */ = {isa = PBXBuildFile; fileRef = 9A1CB34121F87B8A0027B183 /* ScreenB.swift */; };
		9A1CB34421F87B940027B183 /* ScreenC.swift in Sources */ = {isa = PBXBuildFile; fileRef = 9A1CB34321F87B940027B183 /* ScreenC.swift */; };
		9A1CB34621F88F460027B183 /* DataStore.swift in Sources */ = {isa = PBXBuildFile; fileRef = 9A1CB34521F88F460027B183 /* DataStore.swift */; };
		9A853A9021FF070100E1D2AA /* AppDelegate.swift in Sources */ = {isa = PBXBuildFile; fileRef = 9A853A8F21FF070100E1D2AA /* AppDelegate.swift */; };
		9A853A9721FF070300E1D2AA /* Assets.xcassets in Resources */ = {isa = PBXBuildFile; fileRef = 9A853A9621FF070300E1D2AA /* Assets.xcassets */; };
		9A853A9A21FF070300E1D2AA /* LaunchScreen.storyboard in Resources */ = {isa = PBXBuildFile; fileRef = 9A853A9821FF070300E1D2AA /* LaunchScreen.storyboard */; };
		9A853AA021FF08D600E1D2AA /* MainViewController.swift in Sources */ = {isa = PBXBuildFile; fileRef = 9A853A9F21FF08D600E1D2AA /* MainViewController.swift */; };
		9A853AA221FF1A4800E1D2AA /* GameViewController.swift in Sources */ = {isa = PBXBuildFile; fileRef = 9A853AA121FF1A4800E1D2AA /* GameViewController.swift */; };
/* End PBXBuildFile section */

/* Begin PBXFileReference section */
		9A1CB31C21F8745B0027B183 /* UnwindToRoot.app */ = {isa = PBXFileReference; explicitFileType = wrapper.application; includeInIndex = 0; path = UnwindToRoot.app; sourceTree = BUILT_PRODUCTS_DIR; };
		9A1CB31F21F8745B0027B183 /* AppDelegate.swift */ = {isa = PBXFileReference; lastKnownFileType = sourcecode.swift; path = AppDelegate.swift; sourceTree = "<group>"; };
		9A1CB32621F8745B0027B183 /* Assets.xcassets */ = {isa = PBXFileReference; lastKnownFileType = folder.assetcatalog; path = Assets.xcassets; sourceTree = "<group>"; };
		9A1CB32921F8745B0027B183 /* Base */ = {isa = PBXFileReference; lastKnownFileType = file.storyboard; name = Base; path = Base.lproj/LaunchScreen.storyboard; sourceTree = "<group>"; };
		9A1CB32B21F8745B0027B183 /* Info.plist */ = {isa = PBXFileReference; lastKnownFileType = text.plist.xml; path = Info.plist; sourceTree = "<group>"; };
		9A1CB33321F875C90027B183 /* UnwindSegue.storyboard */ = {isa = PBXFileReference; lastKnownFileType = file.storyboard; path = UnwindSegue.storyboard; sourceTree = "<group>"; };
		9A1CB33621F877C80027B183 /* FirstScreen.swift */ = {isa = PBXFileReference; lastKnownFileType = sourcecode.swift; path = FirstScreen.swift; sourceTree = "<group>"; };
		9A1CB33821F877D50027B183 /* SecondScreen.swift */ = {isa = PBXFileReference; lastKnownFileType = sourcecode.swift; path = SecondScreen.swift; sourceTree = "<group>"; };
		9A1CB33A21F877DE0027B183 /* ThirdScreen.swift */ = {isa = PBXFileReference; lastKnownFileType = sourcecode.swift; path = ThirdScreen.swift; sourceTree = "<group>"; };
		9A1CB33D21F87AA10027B183 /* PushPop.storyboard */ = {isa = PBXFileReference; lastKnownFileType = file.storyboard; path = PushPop.storyboard; sourceTree = "<group>"; };
		9A1CB33F21F87B7F0027B183 /* ScreenA.swift */ = {isa = PBXFileReference; lastKnownFileType = sourcecode.swift; path = ScreenA.swift; sourceTree = "<group>"; };
		9A1CB34121F87B8A0027B183 /* ScreenB.swift */ = {isa = PBXFileReference; lastKnownFileType = sourcecode.swift; path = ScreenB.swift; sourceTree = "<group>"; };
		9A1CB34321F87B940027B183 /* ScreenC.swift */ = {isa = PBXFileReference; lastKnownFileType = sourcecode.swift; path = ScreenC.swift; sourceTree = "<group>"; };
		9A1CB34521F88F460027B183 /* DataStore.swift */ = {isa = PBXFileReference; lastKnownFileType = sourcecode.swift; path = DataStore.swift; sourceTree = "<group>"; };
		9A853A8D21FF070100E1D2AA /* CustomNavigation.app */ = {isa = PBXFileReference; explicitFileType = wrapper.application; includeInIndex = 0; path = CustomNavigation.app; sourceTree = BUILT_PRODUCTS_DIR; };
		9A853A8F21FF070100E1D2AA /* AppDelegate.swift */ = {isa = PBXFileReference; lastKnownFileType = sourcecode.swift; path = AppDelegate.swift; sourceTree = "<group>"; };
		9A853A9621FF070300E1D2AA /* Assets.xcassets */ = {isa = PBXFileReference; lastKnownFileType = folder.assetcatalog; path = Assets.xcassets; sourceTree = "<group>"; };
		9A853A9921FF070300E1D2AA /* Base */ = {isa = PBXFileReference; lastKnownFileType = file.storyboard; name = Base; path = Base.lproj/LaunchScreen.storyboard; sourceTree = "<group>"; };
		9A853A9B21FF070300E1D2AA /* Info.plist */ = {isa = PBXFileReference; lastKnownFileType = text.plist.xml; path = Info.plist; sourceTree = "<group>"; };
		9A853A9F21FF08D600E1D2AA /* MainViewController.swift */ = {isa = PBXFileReference; lastKnownFileType = sourcecode.swift; path = MainViewController.swift; sourceTree = "<group>"; };
		9A853AA121FF1A4800E1D2AA /* GameViewController.swift */ = {isa = PBXFileReference; lastKnownFileType = sourcecode.swift; path = GameViewController.swift; sourceTree = "<group>"; };
/* End PBXFileReference section */

/* Begin PBXFrameworksBuildPhase section */
		9A1CB31921F8745B0027B183 /* Frameworks */ = {
			isa = PBXFrameworksBuildPhase;
			buildActionMask = 2147483647;
			files = (
			);
			runOnlyForDeploymentPostprocessing = 0;
		};
		9A853A8A21FF070100E1D2AA /* Frameworks */ = {
			isa = PBXFrameworksBuildPhase;
			buildActionMask = 2147483647;
			files = (
			);
			runOnlyForDeploymentPostprocessing = 0;
		};
/* End PBXFrameworksBuildPhase section */

/* Begin PBXGroup section */
		9A1CB31321F8745B0027B183 = {
			isa = PBXGroup;
			children = (
				9A1CB31E21F8745B0027B183 /* UnwindToRoot */,
				9A853A8E21FF070100E1D2AA /* CustomNavigation */,
				9A1CB31D21F8745B0027B183 /* Products */,
			);
			sourceTree = "<group>";
		};
		9A1CB31D21F8745B0027B183 /* Products */ = {
			isa = PBXGroup;
			children = (
				9A1CB31C21F8745B0027B183 /* UnwindToRoot.app */,
				9A853A8D21FF070100E1D2AA /* CustomNavigation.app */,
			);
			name = Products;
			sourceTree = "<group>";
		};
		9A1CB31E21F8745B0027B183 /* UnwindToRoot */ = {
			isa = PBXGroup;
			children = (
				9A1CB33221F875A80027B183 /* PopToRoot */,
				9A1CB33121F875990027B183 /* UnwindWithSegue */,
				9A1CB31F21F8745B0027B183 /* AppDelegate.swift */,
				9A1CB32621F8745B0027B183 /* Assets.xcassets */,
				9A1CB32821F8745B0027B183 /* LaunchScreen.storyboard */,
				9A1CB32B21F8745B0027B183 /* Info.plist */,
			);
			path = UnwindToRoot;
			sourceTree = "<group>";
		};
		9A1CB33121F875990027B183 /* UnwindWithSegue */ = {
			isa = PBXGroup;
			children = (
				9A1CB33521F8760F0027B183 /* Screens */,
				9A1CB33321F875C90027B183 /* UnwindSegue.storyboard */,
			);
			path = UnwindWithSegue;
			sourceTree = "<group>";
		};
		9A1CB33221F875A80027B183 /* PopToRoot */ = {
			isa = PBXGroup;
			children = (
				9A1CB33C21F87A8B0027B183 /* Screens */,
				9A1CB33D21F87AA10027B183 /* PushPop.storyboard */,
			);
			path = PopToRoot;
			sourceTree = "<group>";
		};
		9A1CB33521F8760F0027B183 /* Screens */ = {
			isa = PBXGroup;
			children = (
				9A1CB33621F877C80027B183 /* FirstScreen.swift */,
				9A1CB33821F877D50027B183 /* SecondScreen.swift */,
				9A1CB33A21F877DE0027B183 /* ThirdScreen.swift */,
			);
			path = Screens;
			sourceTree = "<group>";
		};
		9A1CB33C21F87A8B0027B183 /* Screens */ = {
			isa = PBXGroup;
			children = (
				9A1CB33F21F87B7F0027B183 /* ScreenA.swift */,
				9A1CB34121F87B8A0027B183 /* ScreenB.swift */,
				9A1CB34321F87B940027B183 /* ScreenC.swift */,
				9A1CB34521F88F460027B183 /* DataStore.swift */,
			);
			path = Screens;
			sourceTree = "<group>";
		};
		9A853A8E21FF070100E1D2AA /* CustomNavigation */ = {
			isa = PBXGroup;
			children = (
				9A853A8F21FF070100E1D2AA /* AppDelegate.swift */,
				9A853A9621FF070300E1D2AA /* Assets.xcassets */,
				9A853A9821FF070300E1D2AA /* LaunchScreen.storyboard */,
				9A853A9B21FF070300E1D2AA /* Info.plist */,
				9A853A9F21FF08D600E1D2AA /* MainViewController.swift */,
				9A853AA121FF1A4800E1D2AA /* GameViewController.swift */,
			);
			path = CustomNavigation;
			sourceTree = "<group>";
		};
/* End PBXGroup section */

/* Begin PBXNativeTarget section */
		9A1CB31B21F8745B0027B183 /* UnwindToRoot */ = {
			isa = PBXNativeTarget;
			buildConfigurationList = 9A1CB32E21F8745B0027B183 /* Build configuration list for PBXNativeTarget "UnwindToRoot" */;
			buildPhases = (
				9A1CB31821F8745B0027B183 /* Sources */,
				9A1CB31921F8745B0027B183 /* Frameworks */,
				9A1CB31A21F8745B0027B183 /* Resources */,
			);
			buildRules = (
			);
			dependencies = (
			);
			name = UnwindToRoot;
			productName = UnwindToRoot;
			productReference = 9A1CB31C21F8745B0027B183 /* UnwindToRoot.app */;
			productType = "com.apple.product-type.application";
		};
		9A853A8C21FF070100E1D2AA /* CustomNavigation */ = {
			isa = PBXNativeTarget;
			buildConfigurationList = 9A853A9C21FF070300E1D2AA /* Build configuration list for PBXNativeTarget "CustomNavigation" */;
			buildPhases = (
				9A853A8921FF070100E1D2AA /* Sources */,
				9A853A8A21FF070100E1D2AA /* Frameworks */,
				9A853A8B21FF070100E1D2AA /* Resources */,
			);
			buildRules = (
			);
			dependencies = (
			);
			name = CustomNavigation;
			productName = CustomNavigation;
			productReference = 9A853A8D21FF070100E1D2AA /* CustomNavigation.app */;
			productType = "com.apple.product-type.application";
		};
/* End PBXNativeTarget section */

/* Begin PBXProject section */
		9A1CB31421F8745B0027B183 /* Project object */ = {
			isa = PBXProject;
			attributes = {
				LastSwiftUpdateCheck = 1010;
				LastUpgradeCheck = 0940;
				ORGANIZATIONNAME = "Shantanu Dutta";
				TargetAttributes = {
					9A1CB31B21F8745B0027B183 = {
						CreatedOnToolsVersion = 9.4.1;
					};
					9A853A8C21FF070100E1D2AA = {
						CreatedOnToolsVersion = 10.1;
					};
				};
			};
			buildConfigurationList = 9A1CB31721F8745B0027B183 /* Build configuration list for PBXProject "UnwindToRoot" */;
			compatibilityVersion = "Xcode 9.3";
			developmentRegion = en;
			hasScannedForEncodings = 0;
			knownRegions = (
				en,
				Base,
			);
			mainGroup = 9A1CB31321F8745B0027B183;
			productRefGroup = 9A1CB31D21F8745B0027B183 /* Products */;
			projectDirPath = "";
			projectRoot = "";
			targets = (
				9A1CB31B21F8745B0027B183 /* UnwindToRoot */,
				9A853A8C21FF070100E1D2AA /* CustomNavigation */,
			);
		};
/* End PBXProject section */

/* Begin PBXResourcesBuildPhase section */
		9A1CB31A21F8745B0027B183 /* Resources */ = {
			isa = PBXResourcesBuildPhase;
			buildActionMask = 2147483647;
			files = (
				9A1CB33E21F87AA10027B183 /* PushPop.storyboard in Resources */,
				9A1CB32A21F8745B0027B183 /* LaunchScreen.storyboard in Resources */,
				9A1CB32721F8745B0027B183 /* Assets.xcassets in Resources */,
				9A1CB33421F875C90027B183 /* UnwindSegue.storyboard in Resources */,
			);
			runOnlyForDeploymentPostprocessing = 0;
		};
		9A853A8B21FF070100E1D2AA /* Resources */ = {
			isa = PBXResourcesBuildPhase;
			buildActionMask = 2147483647;
			files = (
				9A853A9A21FF070300E1D2AA /* LaunchScreen.storyboard in Resources */,
				9A853A9721FF070300E1D2AA /* Assets.xcassets in Resources */,
			);
			runOnlyForDeploymentPostprocessing = 0;
		};
/* End PBXResourcesBuildPhase section */

/* Begin PBXSourcesBuildPhase section */
		9A1CB31821F8745B0027B183 /* Sources */ = {
			isa = PBXSourcesBuildPhase;
			buildActionMask = 2147483647;
			files = (
				9A1CB33921F877D50027B183 /* SecondScreen.swift in Sources */,
				9A1CB34621F88F460027B183 /* DataStore.swift in Sources */,
				9A1CB33B21F877DE0027B183 /* ThirdScreen.swift in Sources */,
				9A1CB34421F87B940027B183 /* ScreenC.swift in Sources */,
				9A1CB34021F87B7F0027B183 /* ScreenA.swift in Sources */,
				9A1CB34221F87B8A0027B183 /* ScreenB.swift in Sources */,
				9A1CB32021F8745B0027B183 /* AppDelegate.swift in Sources */,
				9A1CB33721F877C80027B183 /* FirstScreen.swift in Sources */,
			);
			runOnlyForDeploymentPostprocessing = 0;
		};
		9A853A8921FF070100E1D2AA /* Sources */ = {
			isa = PBXSourcesBuildPhase;
			buildActionMask = 2147483647;
			files = (
				9A853A9021FF070100E1D2AA /* AppDelegate.swift in Sources */,
				9A853AA221FF1A4800E1D2AA /* GameViewController.swift in Sources */,
				9A853AA021FF08D600E1D2AA /* MainViewController.swift in Sources */,
			);
			runOnlyForDeploymentPostprocessing = 0;
		};
/* End PBXSourcesBuildPhase section */

/* Begin PBXVariantGroup section */
		9A1CB32821F8745B0027B183 /* LaunchScreen.storyboard */ = {
			isa = PBXVariantGroup;
			children = (
				9A1CB32921F8745B0027B183 /* Base */,
			);
			name = LaunchScreen.storyboard;
			sourceTree = "<group>";
		};
		9A853A9821FF070300E1D2AA /* LaunchScreen.storyboard */ = {
			isa = PBXVariantGroup;
			children = (
				9A853A9921FF070300E1D2AA /* Base */,
			);
			name = LaunchScreen.storyboard;
			sourceTree = "<group>";
		};
/* End PBXVariantGroup section */

/* Begin XCBuildConfiguration section */
		9A1CB32C21F8745B0027B183 /* Debug */ = {
			isa = XCBuildConfiguration;
			buildSettings = {
				ALWAYS_SEARCH_USER_PATHS = NO;
				CLANG_ANALYZER_NONNULL = YES;
				CLANG_ANALYZER_NUMBER_OBJECT_CONVERSION = YES_AGGRESSIVE;
				CLANG_CXX_LANGUAGE_STANDARD = "gnu++14";
				CLANG_CXX_LIBRARY = "libc++";
				CLANG_ENABLE_MODULES = YES;
				CLANG_ENABLE_OBJC_ARC = YES;
				CLANG_ENABLE_OBJC_WEAK = YES;
				CLANG_WARN_BLOCK_CAPTURE_AUTORELEASING = YES;
				CLANG_WARN_BOOL_CONVERSION = YES;
				CLANG_WARN_COMMA = YES;
				CLANG_WARN_CONSTANT_CONVERSION = YES;
				CLANG_WARN_DEPRECATED_OBJC_IMPLEMENTATIONS = YES;
				CLANG_WARN_DIRECT_OBJC_ISA_USAGE = YES_ERROR;
				CLANG_WARN_DOCUMENTATION_COMMENTS = YES;
				CLANG_WARN_EMPTY_BODY = YES;
				CLANG_WARN_ENUM_CONVERSION = YES;
				CLANG_WARN_INFINITE_RECURSION = YES;
				CLANG_WARN_INT_CONVERSION = YES;
				CLANG_WARN_NON_LITERAL_NULL_CONVERSION = YES;
				CLANG_WARN_OBJC_IMPLICIT_RETAIN_SELF = YES;
				CLANG_WARN_OBJC_LITERAL_CONVERSION = YES;
				CLANG_WARN_OBJC_ROOT_CLASS = YES_ERROR;
				CLANG_WARN_RANGE_LOOP_ANALYSIS = YES;
				CLANG_WARN_STRICT_PROTOTYPES = YES;
				CLANG_WARN_SUSPICIOUS_MOVE = YES;
				CLANG_WARN_UNGUARDED_AVAILABILITY = YES_AGGRESSIVE;
				CLANG_WARN_UNREACHABLE_CODE = YES;
				CLANG_WARN__DUPLICATE_METHOD_MATCH = YES;
				CODE_SIGN_IDENTITY = "iPhone Developer";
				COPY_PHASE_STRIP = NO;
				DEBUG_INFORMATION_FORMAT = dwarf;
				ENABLE_STRICT_OBJC_MSGSEND = YES;
				ENABLE_TESTABILITY = YES;
				GCC_C_LANGUAGE_STANDARD = gnu11;
				GCC_DYNAMIC_NO_PIC = NO;
				GCC_NO_COMMON_BLOCKS = YES;
				GCC_OPTIMIZATION_LEVEL = 0;
				GCC_PREPROCESSOR_DEFINITIONS = (
					"DEBUG=1",
					"$(inherited)",
				);
				GCC_WARN_64_TO_32_BIT_CONVERSION = YES;
				GCC_WARN_ABOUT_RETURN_TYPE = YES_ERROR;
				GCC_WARN_UNDECLARED_SELECTOR = YES;
				GCC_WARN_UNINITIALIZED_AUTOS = YES_AGGRESSIVE;
				GCC_WARN_UNUSED_FUNCTION = YES;
				GCC_WARN_UNUSED_VARIABLE = YES;
				IPHONEOS_DEPLOYMENT_TARGET = 11.4;
				MTL_ENABLE_DEBUG_INFO = YES;
				ONLY_ACTIVE_ARCH = YES;
				SDKROOT = iphoneos;
				SWIFT_ACTIVE_COMPILATION_CONDITIONS = DEBUG;
				SWIFT_OPTIMIZATION_LEVEL = "-Onone";
			};
			name = Debug;
		};
		9A1CB32D21F8745B0027B183 /* Release */ = {
			isa = XCBuildConfiguration;
			buildSettings = {
				ALWAYS_SEARCH_USER_PATHS = NO;
				CLANG_ANALYZER_NONNULL = YES;
				CLANG_ANALYZER_NUMBER_OBJECT_CONVERSION = YES_AGGRESSIVE;
				CLANG_CXX_LANGUAGE_STANDARD = "gnu++14";
				CLANG_CXX_LIBRARY = "libc++";
				CLANG_ENABLE_MODULES = YES;
				CLANG_ENABLE_OBJC_ARC = YES;
				CLANG_ENABLE_OBJC_WEAK = YES;
				CLANG_WARN_BLOCK_CAPTURE_AUTORELEASING = YES;
				CLANG_WARN_BOOL_CONVERSION = YES;
				CLANG_WARN_COMMA = YES;
				CLANG_WARN_CONSTANT_CONVERSION = YES;
				CLANG_WARN_DEPRECATED_OBJC_IMPLEMENTATIONS = YES;
				CLANG_WARN_DIRECT_OBJC_ISA_USAGE = YES_ERROR;
				CLANG_WARN_DOCUMENTATION_COMMENTS = YES;
				CLANG_WARN_EMPTY_BODY = YES;
				CLANG_WARN_ENUM_CONVERSION = YES;
				CLANG_WARN_INFINITE_RECURSION = YES;
				CLANG_WARN_INT_CONVERSION = YES;
				CLANG_WARN_NON_LITERAL_NULL_CONVERSION = YES;
				CLANG_WARN_OBJC_IMPLICIT_RETAIN_SELF = YES;
				CLANG_WARN_OBJC_LITERAL_CONVERSION = YES;
				CLANG_WARN_OBJC_ROOT_CLASS = YES_ERROR;
				CLANG_WARN_RANGE_LOOP_ANALYSIS = YES;
				CLANG_WARN_STRICT_PROTOTYPES = YES;
				CLANG_WARN_SUSPICIOUS_MOVE = YES;
				CLANG_WARN_UNGUARDED_AVAILABILITY = YES_AGGRESSIVE;
				CLANG_WARN_UNREACHABLE_CODE = YES;
				CLANG_WARN__DUPLICATE_METHOD_MATCH = YES;
				CODE_SIGN_IDENTITY = "iPhone Developer";
				COPY_PHASE_STRIP = NO;
				DEBUG_INFORMATION_FORMAT = "dwarf-with-dsym";
				ENABLE_NS_ASSERTIONS = NO;
				ENABLE_STRICT_OBJC_MSGSEND = YES;
				GCC_C_LANGUAGE_STANDARD = gnu11;
				GCC_NO_COMMON_BLOCKS = YES;
				GCC_WARN_64_TO_32_BIT_CONVERSION = YES;
				GCC_WARN_ABOUT_RETURN_TYPE = YES_ERROR;
				GCC_WARN_UNDECLARED_SELECTOR = YES;
				GCC_WARN_UNINITIALIZED_AUTOS = YES_AGGRESSIVE;
				GCC_WARN_UNUSED_FUNCTION = YES;
				GCC_WARN_UNUSED_VARIABLE = YES;
				IPHONEOS_DEPLOYMENT_TARGET = 11.4;
				MTL_ENABLE_DEBUG_INFO = NO;
				SDKROOT = iphoneos;
				SWIFT_COMPILATION_MODE = wholemodule;
				SWIFT_OPTIMIZATION_LEVEL = "-O";
				VALIDATE_PRODUCT = YES;
			};
			name = Release;
		};
		9A1CB32F21F8745B0027B183 /* Debug */ = {
			isa = XCBuildConfiguration;
			buildSettings = {
				ASSETCATALOG_COMPILER_APPICON_NAME = AppIcon;
				CODE_SIGN_STYLE = Automatic;
				DEVELOPMENT_TEAM = 2N2R452CN2;
				INFOPLIST_FILE = UnwindToRoot/Info.plist;
				LD_RUNPATH_SEARCH_PATHS = (
					"$(inherited)",
					"@executable_path/Frameworks",
				);
				PRODUCT_BUNDLE_IDENTIFIER = com.sdblabs.UnwindToRoot;
				PRODUCT_NAME = "$(TARGET_NAME)";
				SWIFT_VERSION = 4.0;
				TARGETED_DEVICE_FAMILY = "1,2";
			};
			name = Debug;
		};
		9A1CB33021F8745B0027B183 /* Release */ = {
			isa = XCBuildConfiguration;
			buildSettings = {
				ASSETCATALOG_COMPILER_APPICON_NAME = AppIcon;
				CODE_SIGN_STYLE = Automatic;
				DEVELOPMENT_TEAM = 2N2R452CN2;
				INFOPLIST_FILE = UnwindToRoot/Info.plist;
				LD_RUNPATH_SEARCH_PATHS = (
					"$(inherited)",
					"@executable_path/Frameworks",
				);
				PRODUCT_BUNDLE_IDENTIFIER = com.sdblabs.UnwindToRoot;
				PRODUCT_NAME = "$(TARGET_NAME)";
				SWIFT_VERSION = 4.0;
				TARGETED_DEVICE_FAMILY = "1,2";
			};
			name = Release;
		};
		9A853A9D21FF070300E1D2AA /* Debug */ = {
			isa = XCBuildConfiguration;
			buildSettings = {
				ASSETCATALOG_COMPILER_APPICON_NAME = AppIcon;
				CODE_SIGN_STYLE = Automatic;
				INFOPLIST_FILE = CustomNavigation/Info.plist;
				IPHONEOS_DEPLOYMENT_TARGET = 12.1;
				LD_RUNPATH_SEARCH_PATHS = (
					"$(inherited)",
					"@executable_path/Frameworks",
				);
				MTL_ENABLE_DEBUG_INFO = INCLUDE_SOURCE;
				MTL_FAST_MATH = YES;
				PRODUCT_BUNDLE_IDENTIFIER = com.sdblabs.CustomNavigation;
				PRODUCT_NAME = "$(TARGET_NAME)";
				SWIFT_VERSION = 4.2;
				TARGETED_DEVICE_FAMILY = "1,2";
			};
			name = Debug;
		};
		9A853A9E21FF070300E1D2AA /* Release */ = {
			isa = XCBuildConfiguration;
			buildSettings = {
				ASSETCATALOG_COMPILER_APPICON_NAME = AppIcon;
				CODE_SIGN_STYLE = Automatic;
				INFOPLIST_FILE = CustomNavigation/Info.plist;
				IPHONEOS_DEPLOYMENT_TARGET = 12.1;
				LD_RUNPATH_SEARCH_PATHS = (
					"$(inherited)",
					"@executable_path/Frameworks",
				);
				MTL_FAST_MATH = YES;
				PRODUCT_BUNDLE_IDENTIFIER = com.sdblabs.CustomNavigation;
				PRODUCT_NAME = "$(TARGET_NAME)";
				SWIFT_VERSION = 4.2;
				TARGETED_DEVICE_FAMILY = "1,2";
			};
			name = Release;
		};
/* End XCBuildConfiguration section */

/* Begin XCConfigurationList section */
		9A1CB31721F8745B0027B183 /* Build configuration list for PBXProject "UnwindToRoot" */ = {
			isa = XCConfigurationList;
			buildConfigurations = (
				9A1CB32C21F8745B0027B183 /* Debug */,
				9A1CB32D21F8745B0027B183 /* Release */,
			);
			defaultConfigurationIsVisible = 0;
			defaultConfigurationName = Release;
		};
		9A1CB32E21F8745B0027B183 /* Build configuration list for PBXNativeTarget "UnwindToRoot" */ = {
			isa = XCConfigurationList;
			buildConfigurations = (
				9A1CB32F21F8745B0027B183 /* Debug */,
				9A1CB33021F8745B0027B183 /* Release */,
			);
			defaultConfigurationIsVisible = 0;
			defaultConfigurationName = Release;
		};
		9A853A9C21FF070300E1D2AA /* Build configuration list for PBXNativeTarget "CustomNavigation" */ = {
			isa = XCConfigurationList;
			buildConfigurations = (
				9A853A9D21FF070300E1D2AA /* Debug */,
				9A853A9E21FF070300E1D2AA /* Release */,
			);
			defaultConfigurationIsVisible = 0;
			defaultConfigurationName = Release;
		};
/* End XCConfigurationList section */
	};
	rootObject = 9A1CB31421F8745B0027B183 /* Project object */;
}
